
Microsoft Visual Studio Solution File, Format Version 12.00
# Visual Studio Version 16
VisualStudioVersion = 16.0.35229.62
MinimumVisualStudioVersion = 10.0.40219.1
Project("{FAE04EC0-301F-11D3-BF4B-00C04F79EFBC}") = "PROMPERU.BackOffice.Web", "PROMPERU.BackOffice.Web\PROMPERU.BackOffice.Web.csproj", "{24465BB2-D251-45FC-A7D9-9ADDE9939FFF}"
EndProject
Project("{FAE04EC0-301F-11D3-BF4B-00C04F79EFBC}") = "PROMPERU.BackOffice.Web.Tests", "PROMPERU.BackOffice.Web.Tests\PROMPERU.BackOffice.Web.Tests.csproj", "{D073544D-24E2-4318-813B-DDAC58914D2E}"
EndProject
Project("{FAE04EC0-301F-11D3-BF4B-00C04F79EFBC}") = "PROMPERU.FrontOffice.Web", "PROMPERU.FrontOffice.Web\PROMPERU.FrontOffice.Web.csproj", "{74CAB0C8-06EE-4384-BBDB-EAF1C828341B}"
EndProject
Project("{FAE04EC0-301F-11D3-BF4B-00C04F79EFBC}") = "PROMPERU.FrontOffice.Web.Tests", "PROMPERU.FrontOffice.Web.Tests\PROMPERU.FrontOffice.Web.Tests.csproj", "{73308FC6-98B9-4CD8-8C09-620A2A375590}"
EndProject
Project("{FAE04EC0-301F-11D3-BF4B-00C04F79EFBC}") = "PROMPERU.DataAccess.DA", "PROMPERU.DataAccess.DA\PROMPERU.DataAccess.DA.csproj", "{C7D2AAE2-FC39-41CA-A591-AB4B46427FE4}"
EndProject
Project("{2150E333-8FDC-42A3-9474-1A3956D46DE8}") = "PROMPERU.Data", "PROMPERU.Data", "{72CF80B0-1BC4-4C3B-86AC-9937791B2967}"
EndProject
Project("{2150E333-8FDC-42A3-9474-1A3956D46DE8}") = "PROMPERU.Web", "PROMPERU.Web", "{9364BAC5-D121-4E69-BA6A-076A6898204E}"
EndProject
Project("{2150E333-8FDC-42A3-9474-1A3956D46DE8}") = "PROMPERU.Web.Tests", "PROMPERU.Web.Tests", "{9A388986-1F12-480F-8582-27CD001F0EDD}"
EndProject
Project("{2150E333-8FDC-42A3-9474-1A3956D46DE8}") = "PROMPERU.Logica", "PROMPERU.Logica", "{1A5E310A-DC25-4B60-A2FB-E0C63A4ADA21}"
EndProject
Project("{FAE04EC0-301F-11D3-BF4B-00C04F79EFBC}") = "PROMPERU.BussinessLogic.BL", "PROMPERU.BussinessLogic.BL\PROMPERU.BussinessLogic.BL.csproj", "{0C09A02C-0CDB-44AA-9607-6F2A1B2CF0BB}"
EndProject
Project("{2150E333-8FDC-42A3-9474-1A3956D46DE8}") = "PROMPERU.Entidad", "PROMPERU.Entidad", "{FE3D524B-0F25-4EE3-9A0B-1450CA371DCB}"
EndProject
Project("{FAE04EC0-301F-11D3-BF4B-00C04F79EFBC}") = "PROMPERU.BussinessEntity.BE", "PROMPERU.BussinessEntity.BE\PROMPERU.BussinessEntity.BE.csproj", "{62B99750-025B-4DD0-AC9E-8B9FF71A2A47}"
EndProject
Global
	GlobalSection(SolutionConfigurationPlatforms) = preSolution
		Debug|Any CPU = Debug|Any CPU
		Release|Any CPU = Release|Any CPU
	EndGlobalSection
	GlobalSection(ProjectConfigurationPlatforms) = postSolution
		{24465BB2-D251-45FC-A7D9-9ADDE9939FFF}.Debug|Any CPU.ActiveCfg = Debug|Any CPU
		{24465BB2-D251-45FC-A7D9-9ADDE9939FFF}.Debug|Any CPU.Build.0 = Debug|Any CPU
		{24465BB2-D251-45FC-A7D9-9ADDE9939FFF}.Release|Any CPU.ActiveCfg = Release|Any CPU
		{24465BB2-D251-45FC-A7D9-9ADDE9939FFF}.Release|Any CPU.Build.0 = Release|Any CPU
		{D073544D-24E2-4318-813B-DDAC58914D2E}.Debug|Any CPU.ActiveCfg = Debug|Any CPU
		{D073544D-24E2-4318-813B-DDAC58914D2E}.Debug|Any CPU.Build.0 = Debug|Any CPU
		{D073544D-24E2-4318-813B-DDAC58914D2E}.Release|Any CPU.ActiveCfg = Release|Any CPU
		{D073544D-24E2-4318-813B-DDAC58914D2E}.Release|Any CPU.Build.0 = Release|Any CPU
		{74CAB0C8-06EE-4384-BBDB-EAF1C828341B}.Debug|Any CPU.ActiveCfg = Debug|Any CPU
		{74CAB0C8-06EE-4384-BBDB-EAF1C828341B}.Debug|Any CPU.Build.0 = Debug|Any CPU
		{74CAB0C8-06EE-4384-BBDB-EAF1C828341B}.Release|Any CPU.ActiveCfg = Release|Any CPU
		{74CAB0C8-06EE-4384-BBDB-EAF1C828341B}.Release|Any CPU.Build.0 = Release|Any CPU
		{73308FC6-98B9-4CD8-8C09-620A2A375590}.Debug|Any CPU.ActiveCfg = Debug|Any CPU
		{73308FC6-98B9-4CD8-8C09-620A2A375590}.Debug|Any CPU.Build.0 = Debug|Any CPU
		{73308FC6-98B9-4CD8-8C09-620A2A375590}.Release|Any CPU.ActiveCfg = Release|Any CPU
		{73308FC6-98B9-4CD8-8C09-620A2A375590}.Release|Any CPU.Build.0 = Release|Any CPU
		{C7D2AAE2-FC39-41CA-A591-AB4B46427FE4}.Debug|Any CPU.ActiveCfg = Debug|Any CPU
		{C7D2AAE2-FC39-41CA-A591-AB4B46427FE4}.Debug|Any CPU.Build.0 = Debug|Any CPU
		{C7D2AAE2-FC39-41CA-A591-AB4B46427FE4}.Release|Any CPU.ActiveCfg = Release|Any CPU
		{C7D2AAE2-FC39-41CA-A591-AB4B46427FE4}.Release|Any CPU.Build.0 = Release|Any CPU
		{0C09A02C-0CDB-44AA-9607-6F2A1B2CF0BB}.Debug|Any CPU.ActiveCfg = Debug|Any CPU
		{0C09A02C-0CDB-44AA-9607-6F2A1B2CF0BB}.Debug|Any CPU.Build.0 = Debug|Any CPU
		{0C09A02C-0CDB-44AA-9607-6F2A1B2CF0BB}.Release|Any CPU.ActiveCfg = Release|Any CPU
		{0C09A02C-0CDB-44AA-9607-6F2A1B2CF0BB}.Release|Any CPU.Build.0 = Release|Any CPU
		{62B99750-025B-4DD0-AC9E-8B9FF71A2A47}.Debug|Any CPU.ActiveCfg = Debug|Any CPU
		{62B99750-025B-4DD0-AC9E-8B9FF71A2A47}.Debug|Any CPU.Build.0 = Debug|Any CPU
		{62B99750-025B-4DD0-AC9E-8B9FF71A2A47}.Release|Any CPU.ActiveCfg = Release|Any CPU
		{62B99750-025B-4DD0-AC9E-8B9FF71A2A47}.Release|Any CPU.Build.0 = Release|Any CPU
	EndGlobalSection
	GlobalSection(SolutionProperties) = preSolution
		HideSolutionNode = FALSE
	EndGlobalSection
	GlobalSection(NestedProjects) = preSolution
		{24465BB2-D251-45FC-A7D9-9ADDE9939FFF} = {9364BAC5-D121-4E69-BA6A-076A6898204E}
		{D073544D-24E2-4318-813B-DDAC58914D2E} = {9A388986-1F12-480F-8582-27CD001F0EDD}
		{74CAB0C8-06EE-4384-BBDB-EAF1C828341B} = {9364BAC5-D121-4E69-BA6A-076A6898204E}
		{73308FC6-98B9-4CD8-8C09-620A2A375590} = {9A388986-1F12-480F-8582-27CD001F0EDD}
		{C7D2AAE2-FC39-41CA-A591-AB4B46427FE4} = {72CF80B0-1BC4-4C3B-86AC-9937791B2967}
		{0C09A02C-0CDB-44AA-9607-6F2A1B2CF0BB} = {1A5E310A-DC25-4B60-A2FB-E0C63A4ADA21}
		{62B99750-025B-4DD0-AC9E-8B9FF71A2A47} = {FE3D524B-0F25-4EE3-9A0B-1450CA371DCB}
	EndGlobalSection
	GlobalSection(ExtensibilityGlobals) = postSolution
		SolutionGuid = {5DF30D07-E562-4DDA-9C07-4EA9FDC828C0}
	EndGlobalSection
EndGlobal
